
Microsoft Visual Studio Solution File, Format Version 12.00
# Visual Studio 15
VisualStudioVersion = 15.0.26403.0
MinimumVisualStudioVersion = 10.0.40219.1
Project("{FAE04EC0-301F-11D3-BF4B-00C04F79EFBC}") = "TestProject", "TestProject\TestProject.csproj", "{FFCE406D-EAA8-488B-8083-3671ADEC3F10}"
EndProject
Project("{FAE04EC0-301F-11D3-BF4B-00C04F79EFBC}") = "DAL", "DAL\DAL.csproj", "{C338435B-70E3-40BB-93B7-A8CC89F73744}"
EndProject
Project("{FAE04EC0-301F-11D3-BF4B-00C04F79EFBC}") = "Backend", "Backend\Backend.csproj", "{9951A575-8F22-40E4-B7F9-F59A66494AF1}"
EndProject
Project("{FAE04EC0-301F-11D3-BF4B-00C04F79EFBC}") = "PL", "PL\PL.csproj", "{7154C0B2-8DC9-484D-BB64-42A63893263A}"
EndProject
Project("{FAE04EC0-301F-11D3-BF4B-00C04F79EFBC}") = "TexasHoldemWindow", "TexasHoldemWindow\TexasHoldemWindow.csproj", "{CB2040E7-B248-401A-A905-44B9CC98564A}"
EndProject
Project("{FAE04EC0-301F-11D3-BF4B-00C04F79EFBC}") = "CLServer", "CLServer\CLServer.csproj", "{DA9B78B1-67B7-4354-A392-1E661DCAE2B9}"
EndProject
Project("{FAE04EC0-301F-11D3-BF4B-00C04F79EFBC}") = "SL", "SL\SL.csproj", "{009CACB2-4448-4D7D-932C-5E73790C9139}"
EndProject
Project("{FAE04EC0-301F-11D3-BF4B-00C04F79EFBC}") = "CLClient", "CLClient\CLClient.csproj", "{B66A3C92-BD02-44A2-A020-CF49BE0F79AC}"
EndProject
Project("{FAE04EC0-301F-11D3-BF4B-00C04F79EFBC}") = "ApplicationFacade", "ApplicationFacade\ApplicationFacade.csproj", "{4C020F04-D40B-47A2-B8DC-E3BB2804D4E9}"
EndProject
Project("{FAE04EC0-301F-11D3-BF4B-00C04F79EFBC}") = "Obser", "Obser\Obser.csproj", "{7500FA3E-1231-437F-89CD-8A6F8087FE44}"
EndProject
Project("{FAE04EC0-301F-11D3-BF4B-00C04F79EFBC}") = "Database", "Database\Database.csproj", "{F62D010B-41A2-4A9F-9583-B7157FDFDA21}"
EndProject
Project("{FAE04EC0-301F-11D3-BF4B-00C04F79EFBC}") = "WebClient", "WebClient\WebClient.csproj", "{855B3E03-2FAF-40A8-90D6-EE21C09BBD90}"
EndProject
Project("{FAE04EC0-301F-11D3-BF4B-00C04F79EFBC}") = "PerL", "PerL\PerL.csproj", "{D80CA8B7-AF98-4323-AEAA-564336E91B37}"
EndProject
Global
	GlobalSection(SolutionConfigurationPlatforms) = preSolution
		Debug|Any CPU = Debug|Any CPU
		Debug|ARM = Debug|ARM
		Debug|x64 = Debug|x64
		Debug|x86 = Debug|x86
		Release|Any CPU = Release|Any CPU
		Release|ARM = Release|ARM
		Release|x64 = Release|x64
		Release|x86 = Release|x86
	EndGlobalSection
	GlobalSection(ProjectConfigurationPlatforms) = postSolution
		{FFCE406D-EAA8-488B-8083-3671ADEC3F10}.Debug|Any CPU.ActiveCfg = Debug|Any CPU
		{FFCE406D-EAA8-488B-8083-3671ADEC3F10}.Debug|Any CPU.Build.0 = Debug|Any CPU
		{FFCE406D-EAA8-488B-8083-3671ADEC3F10}.Debug|ARM.ActiveCfg = Debug|Any CPU
		{FFCE406D-EAA8-488B-8083-3671ADEC3F10}.Debug|ARM.Build.0 = Debug|Any CPU
		{FFCE406D-EAA8-488B-8083-3671ADEC3F10}.Debug|x64.ActiveCfg = Debug|Any CPU
		{FFCE406D-EAA8-488B-8083-3671ADEC3F10}.Debug|x64.Build.0 = Debug|Any CPU
		{FFCE406D-EAA8-488B-8083-3671ADEC3F10}.Debug|x86.ActiveCfg = Debug|Any CPU
		{FFCE406D-EAA8-488B-8083-3671ADEC3F10}.Debug|x86.Build.0 = Debug|Any CPU
		{FFCE406D-EAA8-488B-8083-3671ADEC3F10}.Release|Any CPU.ActiveCfg = Release|Any CPU
		{FFCE406D-EAA8-488B-8083-3671ADEC3F10}.Release|Any CPU.Build.0 = Release|Any CPU
		{FFCE406D-EAA8-488B-8083-3671ADEC3F10}.Release|ARM.ActiveCfg = Release|Any CPU
		{FFCE406D-EAA8-488B-8083-3671ADEC3F10}.Release|ARM.Build.0 = Release|Any CPU
		{FFCE406D-EAA8-488B-8083-3671ADEC3F10}.Release|x64.ActiveCfg = Release|Any CPU
		{FFCE406D-EAA8-488B-8083-3671ADEC3F10}.Release|x64.Build.0 = Release|Any CPU
		{FFCE406D-EAA8-488B-8083-3671ADEC3F10}.Release|x86.ActiveCfg = Release|Any CPU
		{FFCE406D-EAA8-488B-8083-3671ADEC3F10}.Release|x86.Build.0 = Release|Any CPU
		{C338435B-70E3-40BB-93B7-A8CC89F73744}.Debug|Any CPU.ActiveCfg = Debug|Any CPU
		{C338435B-70E3-40BB-93B7-A8CC89F73744}.Debug|Any CPU.Build.0 = Debug|Any CPU
		{C338435B-70E3-40BB-93B7-A8CC89F73744}.Debug|ARM.ActiveCfg = Debug|Any CPU
		{C338435B-70E3-40BB-93B7-A8CC89F73744}.Debug|ARM.Build.0 = Debug|Any CPU
		{C338435B-70E3-40BB-93B7-A8CC89F73744}.Debug|x64.ActiveCfg = Debug|Any CPU
		{C338435B-70E3-40BB-93B7-A8CC89F73744}.Debug|x64.Build.0 = Debug|Any CPU
		{C338435B-70E3-40BB-93B7-A8CC89F73744}.Debug|x86.ActiveCfg = Debug|Any CPU
		{C338435B-70E3-40BB-93B7-A8CC89F73744}.Debug|x86.Build.0 = Debug|Any CPU
		{C338435B-70E3-40BB-93B7-A8CC89F73744}.Release|Any CPU.ActiveCfg = Release|Any CPU
		{C338435B-70E3-40BB-93B7-A8CC89F73744}.Release|Any CPU.Build.0 = Release|Any CPU
		{C338435B-70E3-40BB-93B7-A8CC89F73744}.Release|ARM.ActiveCfg = Release|Any CPU
		{C338435B-70E3-40BB-93B7-A8CC89F73744}.Release|ARM.Build.0 = Release|Any CPU
		{C338435B-70E3-40BB-93B7-A8CC89F73744}.Release|x64.ActiveCfg = Release|Any CPU
		{C338435B-70E3-40BB-93B7-A8CC89F73744}.Release|x64.Build.0 = Release|Any CPU
		{C338435B-70E3-40BB-93B7-A8CC89F73744}.Release|x86.ActiveCfg = Release|Any CPU
		{C338435B-70E3-40BB-93B7-A8CC89F73744}.Release|x86.Build.0 = Release|Any CPU
		{9951A575-8F22-40E4-B7F9-F59A66494AF1}.Debug|Any CPU.ActiveCfg = Debug|Any CPU
		{9951A575-8F22-40E4-B7F9-F59A66494AF1}.Debug|Any CPU.Build.0 = Debug|Any CPU
		{9951A575-8F22-40E4-B7F9-F59A66494AF1}.Debug|ARM.ActiveCfg = Debug|Any CPU
		{9951A575-8F22-40E4-B7F9-F59A66494AF1}.Debug|ARM.Build.0 = Debug|Any CPU
		{9951A575-8F22-40E4-B7F9-F59A66494AF1}.Debug|x64.ActiveCfg = Debug|Any CPU
		{9951A575-8F22-40E4-B7F9-F59A66494AF1}.Debug|x64.Build.0 = Debug|Any CPU
		{9951A575-8F22-40E4-B7F9-F59A66494AF1}.Debug|x86.ActiveCfg = Debug|Any CPU
		{9951A575-8F22-40E4-B7F9-F59A66494AF1}.Debug|x86.Build.0 = Debug|Any CPU
		{9951A575-8F22-40E4-B7F9-F59A66494AF1}.Release|Any CPU.ActiveCfg = Release|Any CPU
		{9951A575-8F22-40E4-B7F9-F59A66494AF1}.Release|Any CPU.Build.0 = Release|Any CPU
		{9951A575-8F22-40E4-B7F9-F59A66494AF1}.Release|ARM.ActiveCfg = Release|Any CPU
		{9951A575-8F22-40E4-B7F9-F59A66494AF1}.Release|ARM.Build.0 = Release|Any CPU
		{9951A575-8F22-40E4-B7F9-F59A66494AF1}.Release|x64.ActiveCfg = Release|Any CPU
		{9951A575-8F22-40E4-B7F9-F59A66494AF1}.Release|x64.Build.0 = Release|Any CPU
		{9951A575-8F22-40E4-B7F9-F59A66494AF1}.Release|x86.ActiveCfg = Release|Any CPU
		{9951A575-8F22-40E4-B7F9-F59A66494AF1}.Release|x86.Build.0 = Release|Any CPU
		{7154C0B2-8DC9-484D-BB64-42A63893263A}.Debug|Any CPU.ActiveCfg = Debug|Any CPU
		{7154C0B2-8DC9-484D-BB64-42A63893263A}.Debug|Any CPU.Build.0 = Debug|Any CPU
		{7154C0B2-8DC9-484D-BB64-42A63893263A}.Debug|ARM.ActiveCfg = Debug|Any CPU
		{7154C0B2-8DC9-484D-BB64-42A63893263A}.Debug|ARM.Build.0 = Debug|Any CPU
		{7154C0B2-8DC9-484D-BB64-42A63893263A}.Debug|x64.ActiveCfg = Debug|Any CPU
		{7154C0B2-8DC9-484D-BB64-42A63893263A}.Debug|x64.Build.0 = Debug|Any CPU
		{7154C0B2-8DC9-484D-BB64-42A63893263A}.Debug|x86.ActiveCfg = Debug|Any CPU
		{7154C0B2-8DC9-484D-BB64-42A63893263A}.Debug|x86.Build.0 = Debug|Any CPU
		{7154C0B2-8DC9-484D-BB64-42A63893263A}.Release|Any CPU.ActiveCfg = Release|Any CPU
		{7154C0B2-8DC9-484D-BB64-42A63893263A}.Release|Any CPU.Build.0 = Release|Any CPU
		{7154C0B2-8DC9-484D-BB64-42A63893263A}.Release|ARM.ActiveCfg = Release|Any CPU
		{7154C0B2-8DC9-484D-BB64-42A63893263A}.Release|ARM.Build.0 = Release|Any CPU
		{7154C0B2-8DC9-484D-BB64-42A63893263A}.Release|x64.ActiveCfg = Release|Any CPU
		{7154C0B2-8DC9-484D-BB64-42A63893263A}.Release|x64.Build.0 = Release|Any CPU
		{7154C0B2-8DC9-484D-BB64-42A63893263A}.Release|x86.ActiveCfg = Release|Any CPU
		{7154C0B2-8DC9-484D-BB64-42A63893263A}.Release|x86.Build.0 = Release|Any CPU
		{CB2040E7-B248-401A-A905-44B9CC98564A}.Debug|Any CPU.ActiveCfg = Debug|Any CPU
		{CB2040E7-B248-401A-A905-44B9CC98564A}.Debug|Any CPU.Build.0 = Debug|Any CPU
		{CB2040E7-B248-401A-A905-44B9CC98564A}.Debug|ARM.ActiveCfg = Debug|Any CPU
		{CB2040E7-B248-401A-A905-44B9CC98564A}.Debug|ARM.Build.0 = Debug|Any CPU
		{CB2040E7-B248-401A-A905-44B9CC98564A}.Debug|x64.ActiveCfg = Debug|Any CPU
		{CB2040E7-B248-401A-A905-44B9CC98564A}.Debug|x64.Build.0 = Debug|Any CPU
		{CB2040E7-B248-401A-A905-44B9CC98564A}.Debug|x86.ActiveCfg = Debug|Any CPU
		{CB2040E7-B248-401A-A905-44B9CC98564A}.Debug|x86.Build.0 = Debug|Any CPU
		{CB2040E7-B248-401A-A905-44B9CC98564A}.Release|Any CPU.ActiveCfg = Release|Any CPU
		{CB2040E7-B248-401A-A905-44B9CC98564A}.Release|Any CPU.Build.0 = Release|Any CPU
		{CB2040E7-B248-401A-A905-44B9CC98564A}.Release|ARM.ActiveCfg = Release|Any CPU
		{CB2040E7-B248-401A-A905-44B9CC98564A}.Release|ARM.Build.0 = Release|Any CPU
		{CB2040E7-B248-401A-A905-44B9CC98564A}.Release|x64.ActiveCfg = Release|Any CPU
		{CB2040E7-B248-401A-A905-44B9CC98564A}.Release|x64.Build.0 = Release|Any CPU
		{CB2040E7-B248-401A-A905-44B9CC98564A}.Release|x86.ActiveCfg = Release|Any CPU
		{CB2040E7-B248-401A-A905-44B9CC98564A}.Release|x86.Build.0 = Release|Any CPU
		{DA9B78B1-67B7-4354-A392-1E661DCAE2B9}.Debug|Any CPU.ActiveCfg = Debug|Any CPU
		{DA9B78B1-67B7-4354-A392-1E661DCAE2B9}.Debug|Any CPU.Build.0 = Debug|Any CPU
		{DA9B78B1-67B7-4354-A392-1E661DCAE2B9}.Debug|ARM.ActiveCfg = Debug|Any CPU
		{DA9B78B1-67B7-4354-A392-1E661DCAE2B9}.Debug|ARM.Build.0 = Debug|Any CPU
		{DA9B78B1-67B7-4354-A392-1E661DCAE2B9}.Debug|x64.ActiveCfg = Debug|Any CPU
		{DA9B78B1-67B7-4354-A392-1E661DCAE2B9}.Debug|x64.Build.0 = Debug|Any CPU
		{DA9B78B1-67B7-4354-A392-1E661DCAE2B9}.Debug|x86.ActiveCfg = Debug|Any CPU
		{DA9B78B1-67B7-4354-A392-1E661DCAE2B9}.Debug|x86.Build.0 = Debug|Any CPU
		{DA9B78B1-67B7-4354-A392-1E661DCAE2B9}.Release|Any CPU.ActiveCfg = Release|Any CPU
		{DA9B78B1-67B7-4354-A392-1E661DCAE2B9}.Release|Any CPU.Build.0 = Release|Any CPU
		{DA9B78B1-67B7-4354-A392-1E661DCAE2B9}.Release|ARM.ActiveCfg = Release|Any CPU
		{DA9B78B1-67B7-4354-A392-1E661DCAE2B9}.Release|ARM.Build.0 = Release|Any CPU
		{DA9B78B1-67B7-4354-A392-1E661DCAE2B9}.Release|x64.ActiveCfg = Release|Any CPU
		{DA9B78B1-67B7-4354-A392-1E661DCAE2B9}.Release|x64.Build.0 = Release|Any CPU
		{DA9B78B1-67B7-4354-A392-1E661DCAE2B9}.Release|x86.ActiveCfg = Release|Any CPU
		{DA9B78B1-67B7-4354-A392-1E661DCAE2B9}.Release|x86.Build.0 = Release|Any CPU
		{009CACB2-4448-4D7D-932C-5E73790C9139}.Debug|Any CPU.ActiveCfg = Debug|Any CPU
		{009CACB2-4448-4D7D-932C-5E73790C9139}.Debug|Any CPU.Build.0 = Debug|Any CPU
		{009CACB2-4448-4D7D-932C-5E73790C9139}.Debug|ARM.ActiveCfg = Debug|Any CPU
		{009CACB2-4448-4D7D-932C-5E73790C9139}.Debug|ARM.Build.0 = Debug|Any CPU
		{009CACB2-4448-4D7D-932C-5E73790C9139}.Debug|x64.ActiveCfg = Debug|Any CPU
		{009CACB2-4448-4D7D-932C-5E73790C9139}.Debug|x64.Build.0 = Debug|Any CPU
		{009CACB2-4448-4D7D-932C-5E73790C9139}.Debug|x86.ActiveCfg = Debug|Any CPU
		{009CACB2-4448-4D7D-932C-5E73790C9139}.Debug|x86.Build.0 = Debug|Any CPU
		{009CACB2-4448-4D7D-932C-5E73790C9139}.Release|Any CPU.ActiveCfg = Release|Any CPU
		{009CACB2-4448-4D7D-932C-5E73790C9139}.Release|Any CPU.Build.0 = Release|Any CPU
		{009CACB2-4448-4D7D-932C-5E73790C9139}.Release|ARM.ActiveCfg = Release|Any CPU
		{009CACB2-4448-4D7D-932C-5E73790C9139}.Release|ARM.Build.0 = Release|Any CPU
		{009CACB2-4448-4D7D-932C-5E73790C9139}.Release|x64.ActiveCfg = Release|Any CPU
		{009CACB2-4448-4D7D-932C-5E73790C9139}.Release|x64.Build.0 = Release|Any CPU
		{009CACB2-4448-4D7D-932C-5E73790C9139}.Release|x86.ActiveCfg = Release|Any CPU
		{009CACB2-4448-4D7D-932C-5E73790C9139}.Release|x86.Build.0 = Release|Any CPU
		{B66A3C92-BD02-44A2-A020-CF49BE0F79AC}.Debug|Any CPU.ActiveCfg = Debug|Any CPU
		{B66A3C92-BD02-44A2-A020-CF49BE0F79AC}.Debug|Any CPU.Build.0 = Debug|Any CPU
		{B66A3C92-BD02-44A2-A020-CF49BE0F79AC}.Debug|ARM.ActiveCfg = Debug|Any CPU
		{B66A3C92-BD02-44A2-A020-CF49BE0F79AC}.Debug|ARM.Build.0 = Debug|Any CPU
		{B66A3C92-BD02-44A2-A020-CF49BE0F79AC}.Debug|x64.ActiveCfg = Debug|Any CPU
		{B66A3C92-BD02-44A2-A020-CF49BE0F79AC}.Debug|x64.Build.0 = Debug|Any CPU
		{B66A3C92-BD02-44A2-A020-CF49BE0F79AC}.Debug|x86.ActiveCfg = Debug|Any CPU
		{B66A3C92-BD02-44A2-A020-CF49BE0F79AC}.Debug|x86.Build.0 = Debug|Any CPU
		{B66A3C92-BD02-44A2-A020-CF49BE0F79AC}.Release|Any CPU.ActiveCfg = Release|Any CPU
		{B66A3C92-BD02-44A2-A020-CF49BE0F79AC}.Release|Any CPU.Build.0 = Release|Any CPU
		{B66A3C92-BD02-44A2-A020-CF49BE0F79AC}.Release|ARM.ActiveCfg = Release|Any CPU
		{B66A3C92-BD02-44A2-A020-CF49BE0F79AC}.Release|ARM.Build.0 = Release|Any CPU
		{B66A3C92-BD02-44A2-A020-CF49BE0F79AC}.Release|x64.ActiveCfg = Release|Any CPU
		{B66A3C92-BD02-44A2-A020-CF49BE0F79AC}.Release|x64.Build.0 = Release|Any CPU
		{B66A3C92-BD02-44A2-A020-CF49BE0F79AC}.Release|x86.ActiveCfg = Release|Any CPU
		{B66A3C92-BD02-44A2-A020-CF49BE0F79AC}.Release|x86.Build.0 = Release|Any CPU
		{4C020F04-D40B-47A2-B8DC-E3BB2804D4E9}.Debug|Any CPU.ActiveCfg = Debug|Any CPU
		{4C020F04-D40B-47A2-B8DC-E3BB2804D4E9}.Debug|Any CPU.Build.0 = Debug|Any CPU
		{4C020F04-D40B-47A2-B8DC-E3BB2804D4E9}.Debug|ARM.ActiveCfg = Debug|Any CPU
		{4C020F04-D40B-47A2-B8DC-E3BB2804D4E9}.Debug|ARM.Build.0 = Debug|Any CPU
		{4C020F04-D40B-47A2-B8DC-E3BB2804D4E9}.Debug|x64.ActiveCfg = Debug|Any CPU
		{4C020F04-D40B-47A2-B8DC-E3BB2804D4E9}.Debug|x64.Build.0 = Debug|Any CPU
		{4C020F04-D40B-47A2-B8DC-E3BB2804D4E9}.Debug|x86.ActiveCfg = Debug|Any CPU
		{4C020F04-D40B-47A2-B8DC-E3BB2804D4E9}.Debug|x86.Build.0 = Debug|Any CPU
		{4C020F04-D40B-47A2-B8DC-E3BB2804D4E9}.Release|Any CPU.ActiveCfg = Release|Any CPU
		{4C020F04-D40B-47A2-B8DC-E3BB2804D4E9}.Release|Any CPU.Build.0 = Release|Any CPU
		{4C020F04-D40B-47A2-B8DC-E3BB2804D4E9}.Release|ARM.ActiveCfg = Release|Any CPU
		{4C020F04-D40B-47A2-B8DC-E3BB2804D4E9}.Release|ARM.Build.0 = Release|Any CPU
		{4C020F04-D40B-47A2-B8DC-E3BB2804D4E9}.Release|x64.ActiveCfg = Release|Any CPU
		{4C020F04-D40B-47A2-B8DC-E3BB2804D4E9}.Release|x64.Build.0 = Release|Any CPU
		{4C020F04-D40B-47A2-B8DC-E3BB2804D4E9}.Release|x86.ActiveCfg = Release|Any CPU
		{4C020F04-D40B-47A2-B8DC-E3BB2804D4E9}.Release|x86.Build.0 = Release|Any CPU
		{7500FA3E-1231-437F-89CD-8A6F8087FE44}.Debug|Any CPU.ActiveCfg = Debug|Any CPU
		{7500FA3E-1231-437F-89CD-8A6F8087FE44}.Debug|Any CPU.Build.0 = Debug|Any CPU
		{7500FA3E-1231-437F-89CD-8A6F8087FE44}.Debug|ARM.ActiveCfg = Debug|Any CPU
		{7500FA3E-1231-437F-89CD-8A6F8087FE44}.Debug|ARM.Build.0 = Debug|Any CPU
		{7500FA3E-1231-437F-89CD-8A6F8087FE44}.Debug|x64.ActiveCfg = Debug|Any CPU
		{7500FA3E-1231-437F-89CD-8A6F8087FE44}.Debug|x64.Build.0 = Debug|Any CPU
		{7500FA3E-1231-437F-89CD-8A6F8087FE44}.Debug|x86.ActiveCfg = Debug|Any CPU
		{7500FA3E-1231-437F-89CD-8A6F8087FE44}.Debug|x86.Build.0 = Debug|Any CPU
		{7500FA3E-1231-437F-89CD-8A6F8087FE44}.Release|Any CPU.ActiveCfg = Release|Any CPU
		{7500FA3E-1231-437F-89CD-8A6F8087FE44}.Release|Any CPU.Build.0 = Release|Any CPU
		{7500FA3E-1231-437F-89CD-8A6F8087FE44}.Release|ARM.ActiveCfg = Release|Any CPU
		{7500FA3E-1231-437F-89CD-8A6F8087FE44}.Release|ARM.Build.0 = Release|Any CPU
		{7500FA3E-1231-437F-89CD-8A6F8087FE44}.Release|x64.ActiveCfg = Release|Any CPU
		{7500FA3E-1231-437F-89CD-8A6F8087FE44}.Release|x64.Build.0 = Release|Any CPU
		{7500FA3E-1231-437F-89CD-8A6F8087FE44}.Release|x86.ActiveCfg = Release|Any CPU
		{7500FA3E-1231-437F-89CD-8A6F8087FE44}.Release|x86.Build.0 = Release|Any CPU
		{F62D010B-41A2-4A9F-9583-B7157FDFDA21}.Debug|Any CPU.ActiveCfg = Debug|Any CPU
		{F62D010B-41A2-4A9F-9583-B7157FDFDA21}.Debug|Any CPU.Build.0 = Debug|Any CPU
		{F62D010B-41A2-4A9F-9583-B7157FDFDA21}.Debug|ARM.ActiveCfg = Debug|Any CPU
		{F62D010B-41A2-4A9F-9583-B7157FDFDA21}.Debug|ARM.Build.0 = Debug|Any CPU
		{F62D010B-41A2-4A9F-9583-B7157FDFDA21}.Debug|x64.ActiveCfg = Debug|Any CPU
		{F62D010B-41A2-4A9F-9583-B7157FDFDA21}.Debug|x64.Build.0 = Debug|Any CPU
		{F62D010B-41A2-4A9F-9583-B7157FDFDA21}.Debug|x86.ActiveCfg = Debug|Any CPU
		{F62D010B-41A2-4A9F-9583-B7157FDFDA21}.Debug|x86.Build.0 = Debug|Any CPU
		{F62D010B-41A2-4A9F-9583-B7157FDFDA21}.Release|Any CPU.ActiveCfg = Release|Any CPU
		{F62D010B-41A2-4A9F-9583-B7157FDFDA21}.Release|Any CPU.Build.0 = Release|Any CPU
		{F62D010B-41A2-4A9F-9583-B7157FDFDA21}.Release|ARM.ActiveCfg = Release|Any CPU
		{F62D010B-41A2-4A9F-9583-B7157FDFDA21}.Release|ARM.Build.0 = Release|Any CPU
		{F62D010B-41A2-4A9F-9583-B7157FDFDA21}.Release|x64.ActiveCfg = Release|Any CPU
		{F62D010B-41A2-4A9F-9583-B7157FDFDA21}.Release|x64.Build.0 = Release|Any CPU
		{F62D010B-41A2-4A9F-9583-B7157FDFDA21}.Release|x86.ActiveCfg = Release|Any CPU
		{F62D010B-41A2-4A9F-9583-B7157FDFDA21}.Release|x86.Build.0 = Release|Any CPU
		{855B3E03-2FAF-40A8-90D6-EE21C09BBD90}.Debug|Any CPU.ActiveCfg = Debug|Any CPU
		{855B3E03-2FAF-40A8-90D6-EE21C09BBD90}.Debug|Any CPU.Build.0 = Debug|Any CPU
		{855B3E03-2FAF-40A8-90D6-EE21C09BBD90}.Debug|ARM.ActiveCfg = Debug|Any CPU
		{855B3E03-2FAF-40A8-90D6-EE21C09BBD90}.Debug|ARM.Build.0 = Debug|Any CPU
		{855B3E03-2FAF-40A8-90D6-EE21C09BBD90}.Debug|x64.ActiveCfg = Debug|Any CPU
		{855B3E03-2FAF-40A8-90D6-EE21C09BBD90}.Debug|x64.Build.0 = Debug|Any CPU
		{855B3E03-2FAF-40A8-90D6-EE21C09BBD90}.Debug|x86.ActiveCfg = Debug|Any CPU
		{855B3E03-2FAF-40A8-90D6-EE21C09BBD90}.Debug|x86.Build.0 = Debug|Any CPU
		{855B3E03-2FAF-40A8-90D6-EE21C09BBD90}.Release|Any CPU.ActiveCfg = Release|Any CPU
		{855B3E03-2FAF-40A8-90D6-EE21C09BBD90}.Release|Any CPU.Build.0 = Release|Any CPU
		{855B3E03-2FAF-40A8-90D6-EE21C09BBD90}.Release|ARM.ActiveCfg = Release|Any CPU
		{855B3E03-2FAF-40A8-90D6-EE21C09BBD90}.Release|ARM.Build.0 = Release|Any CPU
		{855B3E03-2FAF-40A8-90D6-EE21C09BBD90}.Release|x64.ActiveCfg = Release|Any CPU
		{855B3E03-2FAF-40A8-90D6-EE21C09BBD90}.Release|x64.Build.0 = Release|Any CPU
		{855B3E03-2FAF-40A8-90D6-EE21C09BBD90}.Release|x86.ActiveCfg = Release|Any CPU
		{855B3E03-2FAF-40A8-90D6-EE21C09BBD90}.Release|x86.Build.0 = Release|Any CPU
		{D80CA8B7-AF98-4323-AEAA-564336E91B37}.Debug|Any CPU.ActiveCfg = Debug|Any CPU
		{D80CA8B7-AF98-4323-AEAA-564336E91B37}.Debug|Any CPU.Build.0 = Debug|Any CPU
		{D80CA8B7-AF98-4323-AEAA-564336E91B37}.Debug|ARM.ActiveCfg = Debug|Any CPU
		{D80CA8B7-AF98-4323-AEAA-564336E91B37}.Debug|ARM.Build.0 = Debug|Any CPU
		{D80CA8B7-AF98-4323-AEAA-564336E91B37}.Debug|x64.ActiveCfg = Debug|Any CPU
		{D80CA8B7-AF98-4323-AEAA-564336E91B37}.Debug|x64.Build.0 = Debug|Any CPU
		{D80CA8B7-AF98-4323-AEAA-564336E91B37}.Debug|x86.ActiveCfg = Debug|Any CPU
		{D80CA8B7-AF98-4323-AEAA-564336E91B37}.Debug|x86.Build.0 = Debug|Any CPU
		{D80CA8B7-AF98-4323-AEAA-564336E91B37}.Release|Any CPU.ActiveCfg = Release|Any CPU
		{D80CA8B7-AF98-4323-AEAA-564336E91B37}.Release|Any CPU.Build.0 = Release|Any CPU
		{D80CA8B7-AF98-4323-AEAA-564336E91B37}.Release|ARM.ActiveCfg = Release|Any CPU
		{D80CA8B7-AF98-4323-AEAA-564336E91B37}.Release|ARM.Build.0 = Release|Any CPU
		{D80CA8B7-AF98-4323-AEAA-564336E91B37}.Release|x64.ActiveCfg = Release|Any CPU
		{D80CA8B7-AF98-4323-AEAA-564336E91B37}.Release|x64.Build.0 = Release|Any CPU
		{D80CA8B7-AF98-4323-AEAA-564336E91B37}.Release|x86.ActiveCfg = Release|Any CPU
		{D80CA8B7-AF98-4323-AEAA-564336E91B37}.Release|x86.Build.0 = Release|Any CPU
	EndGlobalSection
	GlobalSection(SolutionProperties) = preSolution
		HideSolutionNode = FALSE
	EndGlobalSection
EndGlobal
